// !$*UTF8*$!
{
	archiveVersion = 1;
	classes = {
	};
	objectVersion = 50;
	objects = {

/* Begin PBXBuildFile section */
		47B5B8047292A579EF722B91 /* Pods_Pozativity.framework in Frameworks */ = {isa = PBXBuildFile; fileRef = D8BA03FC7873290D6A909969 /* Pods_Pozativity.framework */; };
		C5475D4F21567445006BA324 /* AppDelegate.swift in Sources */ = {isa = PBXBuildFile; fileRef = C5475D4E21567445006BA324 /* AppDelegate.swift */; };
		C5475D5121567445006BA324 /* LogInViewController.swift in Sources */ = {isa = PBXBuildFile; fileRef = C5475D5021567445006BA324 /* LogInViewController.swift */; };
		C5475D5421567445006BA324 /* Main.storyboard in Resources */ = {isa = PBXBuildFile; fileRef = C5475D5221567445006BA324 /* Main.storyboard */; };
		C5475D5921567445006BA324 /* LaunchScreen.storyboard in Resources */ = {isa = PBXBuildFile; fileRef = C5475D5721567445006BA324 /* LaunchScreen.storyboard */; };
		C5475D6421567547006BA324 /* GoogleService-Info.plist in Resources */ = {isa = PBXBuildFile; fileRef = C5475D6321567547006BA324 /* GoogleService-Info.plist */; };
		C5475D6821567E43006BA324 /* User.swift in Sources */ = {isa = PBXBuildFile; fileRef = C5475D6721567E43006BA324 /* User.swift */; };
		C59404F72156AAEC008857E6 /* contract1.pdf in Resources */ = {isa = PBXBuildFile; fileRef = C59404F62156AAEC008857E6 /* contract1.pdf */; };
		C59404F92156ADD4008857E6 /* ContractService.swift in Sources */ = {isa = PBXBuildFile; fileRef = C59404F82156ADD4008857E6 /* ContractService.swift */; };
		C59404FB2156AE80008857E6 /* Contract.swift in Sources */ = {isa = PBXBuildFile; fileRef = C59404FA2156AE80008857E6 /* Contract.swift */; };
		C59404FD2156B90E008857E6 /* DetailedContractViewController.swift in Sources */ = {isa = PBXBuildFile; fileRef = C59404FC2156B90E008857E6 /* DetailedContractViewController.swift */; };
		C59405002156BE4F008857E6 /* PDFViewController.swift in Sources */ = {isa = PBXBuildFile; fileRef = C59404FF2156BE4F008857E6 /* PDFViewController.swift */; };
		C59405042156DA2C008857E6 /* FaceifyViewController.swift in Sources */ = {isa = PBXBuildFile; fileRef = C59405032156DA2C008857E6 /* FaceifyViewController.swift */; };
		C59405062156EA57008857E6 /* Helper.swift in Sources */ = {isa = PBXBuildFile; fileRef = C59405052156EA57008857E6 /* Helper.swift */; };
		C594050A21573554008857E6 /* HistoryViewController.swift in Sources */ = {isa = PBXBuildFile; fileRef = C594050921573554008857E6 /* HistoryViewController.swift */; };
		C594050C215736A5008857E6 /* OldContractsTableViewCell.swift in Sources */ = {isa = PBXBuildFile; fileRef = C594050B215736A5008857E6 /* OldContractsTableViewCell.swift */; };
		C594050E21573B3C008857E6 /* Assets.xcassets in Resources */ = {isa = PBXBuildFile; fileRef = C594050D21573B3C008857E6 /* Assets.xcassets */; };
		C5940514215761E4008857E6 /* error_cross.json in Resources */ = {isa = PBXBuildFile; fileRef = C5940513215761E3008857E6 /* error_cross.json */; };
		C5940516215768CB008857E6 /* success_animation.json in Resources */ = {isa = PBXBuildFile; fileRef = C5940515215768CA008857E6 /* success_animation.json */; };
		C5F50FFD215695920060362F /* UserService.swift in Sources */ = {isa = PBXBuildFile; fileRef = C5F50FFC215695920060362F /* UserService.swift */; };
		C5F50FFF2156A10E0060362F /* StorageService.swift in Sources */ = {isa = PBXBuildFile; fileRef = C5F50FFE2156A10E0060362F /* StorageService.swift */; };
		C5F510022156A1780060362F /* ContractTableViewCell.swift in Sources */ = {isa = PBXBuildFile; fileRef = C5F510012156A1780060362F /* ContractTableViewCell.swift */; };
		C5F510042156A18E0060362F /* HomeViewController.swift in Sources */ = {isa = PBXBuildFile; fileRef = C5F510032156A18E0060362F /* HomeViewController.swift */; };
/* End PBXBuildFile section */

/* Begin PBXFileReference section */
		BA59F7E70B897BE01CFEAF79 /* Pods-Pozativity.debug.xcconfig */ = {isa = PBXFileReference; includeInIndex = 1; lastKnownFileType = text.xcconfig; name = "Pods-Pozativity.debug.xcconfig"; path = "Pods/Target Support Files/Pods-Pozativity/Pods-Pozativity.debug.xcconfig"; sourceTree = "<group>"; };
		C5475D4B21567444006BA324 /* Pozativity.app */ = {isa = PBXFileReference; explicitFileType = wrapper.application; includeInIndex = 0; path = Pozativity.app; sourceTree = BUILT_PRODUCTS_DIR; };
		C5475D4E21567445006BA324 /* AppDelegate.swift */ = {isa = PBXFileReference; lastKnownFileType = sourcecode.swift; path = AppDelegate.swift; sourceTree = "<group>"; };
		C5475D5021567445006BA324 /* LogInViewController.swift */ = {isa = PBXFileReference; lastKnownFileType = sourcecode.swift; path = LogInViewController.swift; sourceTree = "<group>"; };
		C5475D5321567445006BA324 /* Base */ = {isa = PBXFileReference; lastKnownFileType = file.storyboard; name = Base; path = Base.lproj/Main.storyboard; sourceTree = "<group>"; };
		C5475D5821567445006BA324 /* Base */ = {isa = PBXFileReference; lastKnownFileType = file.storyboard; name = Base; path = Base.lproj/LaunchScreen.storyboard; sourceTree = "<group>"; };
		C5475D5A21567445006BA324 /* Info.plist */ = {isa = PBXFileReference; lastKnownFileType = text.plist.xml; path = Info.plist; sourceTree = "<group>"; };
		C5475D6321567547006BA324 /* GoogleService-Info.plist */ = {isa = PBXFileReference; fileEncoding = 4; lastKnownFileType = text.plist.xml; path = "GoogleService-Info.plist"; sourceTree = "<group>"; };
		C5475D6721567E43006BA324 /* User.swift */ = {isa = PBXFileReference; lastKnownFileType = sourcecode.swift; path = User.swift; sourceTree = "<group>"; };
		C59404F62156AAEC008857E6 /* contract1.pdf */ = {isa = PBXFileReference; lastKnownFileType = image.pdf; path = contract1.pdf; sourceTree = "<group>"; };
		C59404F82156ADD4008857E6 /* ContractService.swift */ = {isa = PBXFileReference; lastKnownFileType = sourcecode.swift; path = ContractService.swift; sourceTree = "<group>"; };
		C59404FA2156AE80008857E6 /* Contract.swift */ = {isa = PBXFileReference; lastKnownFileType = sourcecode.swift; path = Contract.swift; sourceTree = "<group>"; };
		C59404FC2156B90E008857E6 /* DetailedContractViewController.swift */ = {isa = PBXFileReference; lastKnownFileType = sourcecode.swift; path = DetailedContractViewController.swift; sourceTree = "<group>"; };
		C59404FF2156BE4F008857E6 /* PDFViewController.swift */ = {isa = PBXFileReference; lastKnownFileType = sourcecode.swift; path = PDFViewController.swift; sourceTree = "<group>"; };
		C59405032156DA2C008857E6 /* FaceifyViewController.swift */ = {isa = PBXFileReference; lastKnownFileType = sourcecode.swift; path = FaceifyViewController.swift; sourceTree = "<group>"; };
		C59405052156EA57008857E6 /* Helper.swift */ = {isa = PBXFileReference; lastKnownFileType = sourcecode.swift; path = Helper.swift; sourceTree = "<group>"; };
		C594050921573554008857E6 /* HistoryViewController.swift */ = {isa = PBXFileReference; lastKnownFileType = sourcecode.swift; path = HistoryViewController.swift; sourceTree = "<group>"; };
		C594050B215736A5008857E6 /* OldContractsTableViewCell.swift */ = {isa = PBXFileReference; lastKnownFileType = sourcecode.swift; path = OldContractsTableViewCell.swift; sourceTree = "<group>"; };
		C594050D21573B3C008857E6 /* Assets.xcassets */ = {isa = PBXFileReference; lastKnownFileType = folder.assetcatalog; path = Assets.xcassets; sourceTree = "<group>"; };
		C5940513215761E3008857E6 /* error_cross.json */ = {isa = PBXFileReference; fileEncoding = 4; lastKnownFileType = text.json; path = error_cross.json; sourceTree = "<group>"; };
		C5940515215768CA008857E6 /* success_animation.json */ = {isa = PBXFileReference; fileEncoding = 4; lastKnownFileType = text.json; name = success_animation.json; path = ../../../.Trash/success_animation.json; sourceTree = "<group>"; };
		C5F50FFC215695920060362F /* UserService.swift */ = {isa = PBXFileReference; lastKnownFileType = sourcecode.swift; path = UserService.swift; sourceTree = "<group>"; };
		C5F50FFE2156A10E0060362F /* StorageService.swift */ = {isa = PBXFileReference; lastKnownFileType = sourcecode.swift; path = StorageService.swift; sourceTree = "<group>"; };
		C5F510012156A1780060362F /* ContractTableViewCell.swift */ = {isa = PBXFileReference; lastKnownFileType = sourcecode.swift; path = ContractTableViewCell.swift; sourceTree = "<group>"; };
		C5F510032156A18E0060362F /* HomeViewController.swift */ = {isa = PBXFileReference; lastKnownFileType = sourcecode.swift; path = HomeViewController.swift; sourceTree = "<group>"; };
		D8BA03FC7873290D6A909969 /* Pods_Pozativity.framework */ = {isa = PBXFileReference; explicitFileType = wrapper.framework; includeInIndex = 0; path = Pods_Pozativity.framework; sourceTree = BUILT_PRODUCTS_DIR; };
		DCA11D6A4120DF951B29C174 /* Pods-Pozativity.release.xcconfig */ = {isa = PBXFileReference; includeInIndex = 1; lastKnownFileType = text.xcconfig; name = "Pods-Pozativity.release.xcconfig"; path = "Pods/Target Support Files/Pods-Pozativity/Pods-Pozativity.release.xcconfig"; sourceTree = "<group>"; };
/* End PBXFileReference section */

/* Begin PBXFrameworksBuildPhase section */
		C5475D4821567444006BA324 /* Frameworks */ = {
			isa = PBXFrameworksBuildPhase;
			buildActionMask = 2147483647;
			files = (
				47B5B8047292A579EF722B91 /* Pods_Pozativity.framework in Frameworks */,
			);
			runOnlyForDeploymentPostprocessing = 0;
		};
/* End PBXFrameworksBuildPhase section */

/* Begin PBXGroup section */
		549204A48E8ABB78612E07A0 /* Pods */ = {
			isa = PBXGroup;
			children = (
				BA59F7E70B897BE01CFEAF79 /* Pods-Pozativity.debug.xcconfig */,
				DCA11D6A4120DF951B29C174 /* Pods-Pozativity.release.xcconfig */,
			);
			name = Pods;
			sourceTree = "<group>";
		};
		C5475D4221567444006BA324 = {
			isa = PBXGroup;
			children = (
				C5475D4D21567445006BA324 /* Pozativity */,
				C5475D4C21567444006BA324 /* Products */,
				549204A48E8ABB78612E07A0 /* Pods */,
				F65F94B6FA429A37537E0A25 /* Frameworks */,
			);
			sourceTree = "<group>";
		};
		C5475D4C21567444006BA324 /* Products */ = {
			isa = PBXGroup;
			children = (
				C5475D4B21567444006BA324 /* Pozativity.app */,
			);
			name = Products;
			sourceTree = "<group>";
		};
		C5475D4D21567445006BA324 /* Pozativity */ = {
			isa = PBXGroup;
			children = (
				C5F50FFB215695830060362F /* Service */,
				C5475D6621567708006BA324 /* Models */,
				C5475D612156745B006BA324 /* Supporting Files */,
				C5475D6221567471006BA324 /* Controllers */,
				C5475D5221567445006BA324 /* Main.storyboard */,
				C5475D5721567445006BA324 /* LaunchScreen.storyboard */,
				C5475D5A21567445006BA324 /* Info.plist */,
				C5940513215761E3008857E6 /* error_cross.json */,
				C5940515215768CA008857E6 /* success_animation.json */,
				C59404F62156AAEC008857E6 /* contract1.pdf */,
				C594050D21573B3C008857E6 /* Assets.xcassets */,
				C59405052156EA57008857E6 /* Helper.swift */,
			);
			path = Pozativity;
			sourceTree = "<group>";
		};
		C5475D612156745B006BA324 /* Supporting Files */ = {
			isa = PBXGroup;
			children = (
				C5475D4E21567445006BA324 /* AppDelegate.swift */,
				C5475D6321567547006BA324 /* GoogleService-Info.plist */,
			);
			name = "Supporting Files";
			sourceTree = "<group>";
		};
		C5475D6221567471006BA324 /* Controllers */ = {
			isa = PBXGroup;
			children = (
				C5F510062156A1A60060362F /* LogIn/SignUp */,
				C5F510052156A1980060362F /* Home */,
				C59404FE2156B911008857E6 /* DetailedContract */,
				C594050821573391008857E6 /* HistoryContracts */,
				C59404FF2156BE4F008857E6 /* PDFViewController.swift */,
			);
			name = Controllers;
			sourceTree = "<group>";
		};
		C5475D6621567708006BA324 /* Models */ = {
			isa = PBXGroup;
			children = (
				C5475D6721567E43006BA324 /* User.swift */,
				C59404FA2156AE80008857E6 /* Contract.swift */,
			);
			name = Models;
			sourceTree = "<group>";
		};
		C59404FE2156B911008857E6 /* DetailedContract */ = {
			isa = PBXGroup;
			children = (
				C59404FC2156B90E008857E6 /* DetailedContractViewController.swift */,
				C59405032156DA2C008857E6 /* FaceifyViewController.swift */,
			);
			name = DetailedContract;
			sourceTree = "<group>";
		};
		C594050821573391008857E6 /* HistoryContracts */ = {
			isa = PBXGroup;
			children = (
				C594050921573554008857E6 /* HistoryViewController.swift */,
				C594050B215736A5008857E6 /* OldContractsTableViewCell.swift */,
			);
			name = HistoryContracts;
			sourceTree = "<group>";
		};
		C5F50FFB215695830060362F /* Service */ = {
			isa = PBXGroup;
			children = (
				C5F50FFC215695920060362F /* UserService.swift */,
				C5F50FFE2156A10E0060362F /* StorageService.swift */,
				C59404F82156ADD4008857E6 /* ContractService.swift */,
			);
			name = Service;
			sourceTree = "<group>";
		};
		C5F510052156A1980060362F /* Home */ = {
			isa = PBXGroup;
			children = (
				C5F510032156A18E0060362F /* HomeViewController.swift */,
				C5F510012156A1780060362F /* ContractTableViewCell.swift */,
			);
			name = Home;
			sourceTree = "<group>";
		};
		C5F510062156A1A60060362F /* LogIn/SignUp */ = {
			isa = PBXGroup;
			children = (
				C5475D5021567445006BA324 /* LogInViewController.swift */,
			);
			name = LogIn/SignUp;
			sourceTree = "<group>";
		};
		F65F94B6FA429A37537E0A25 /* Frameworks */ = {
			isa = PBXGroup;
			children = (
				D8BA03FC7873290D6A909969 /* Pods_Pozativity.framework */,
			);
			name = Frameworks;
			sourceTree = "<group>";
		};
/* End PBXGroup section */

/* Begin PBXNativeTarget section */
		C5475D4A21567444006BA324 /* Pozativity */ = {
			isa = PBXNativeTarget;
			buildConfigurationList = C5475D5D21567445006BA324 /* Build configuration list for PBXNativeTarget "Pozativity" */;
			buildPhases = (
				49EF71F1C68ADC128A772F17 /* [CP] Check Pods Manifest.lock */,
				C5475D4721567444006BA324 /* Sources */,
				C5475D4821567444006BA324 /* Frameworks */,
				C5475D4921567444006BA324 /* Resources */,
				88A2DF32011941909B6A38D2 /* [CP] Embed Pods Frameworks */,
			);
			buildRules = (
			);
			dependencies = (
			);
			name = Pozativity;
			productName = Pozativity;
			productReference = C5475D4B21567444006BA324 /* Pozativity.app */;
			productType = "com.apple.product-type.application";
		};
/* End PBXNativeTarget section */

/* Begin PBXProject section */
		C5475D4321567444006BA324 /* Project object */ = {
			isa = PBXProject;
			attributes = {
				LastSwiftUpdateCheck = 1000;
				LastUpgradeCheck = 1000;
				ORGANIZATIONNAME = "Alexandru Turcanu";
				TargetAttributes = {
					C5475D4A21567444006BA324 = {
						CreatedOnToolsVersion = 10.0;
					};
				};
			};
			buildConfigurationList = C5475D4621567444006BA324 /* Build configuration list for PBXProject "Pozativity" */;
			compatibilityVersion = "Xcode 9.3";
			developmentRegion = en;
			hasScannedForEncodings = 0;
			knownRegions = (
				en,
				Base,
			);
			mainGroup = C5475D4221567444006BA324;
			productRefGroup = C5475D4C21567444006BA324 /* Products */;
			projectDirPath = "";
			projectRoot = "";
			targets = (
				C5475D4A21567444006BA324 /* Pozativity */,
			);
		};
/* End PBXProject section */

/* Begin PBXResourcesBuildPhase section */
		C5475D4921567444006BA324 /* Resources */ = {
			isa = PBXResourcesBuildPhase;
			buildActionMask = 2147483647;
			files = (
				C5940514215761E4008857E6 /* error_cross.json in Resources */,
				C5475D5921567445006BA324 /* LaunchScreen.storyboard in Resources */,
				C59404F72156AAEC008857E6 /* contract1.pdf in Resources */,
				C5475D6421567547006BA324 /* GoogleService-Info.plist in Resources */,
				C5475D5421567445006BA324 /* Main.storyboard in Resources */,
				C5940516215768CB008857E6 /* success_animation.json in Resources */,
				C594050E21573B3C008857E6 /* Assets.xcassets in Resources */,
			);
			runOnlyForDeploymentPostprocessing = 0;
		};
/* End PBXResourcesBuildPhase section */

/* Begin PBXShellScriptBuildPhase section */
		49EF71F1C68ADC128A772F17 /* [CP] Check Pods Manifest.lock */ = {
			isa = PBXShellScriptBuildPhase;
			buildActionMask = 2147483647;
			files = (
			);
			inputPaths = (
				"${PODS_PODFILE_DIR_PATH}/Podfile.lock",
				"${PODS_ROOT}/Manifest.lock",
			);
			name = "[CP] Check Pods Manifest.lock";
			outputPaths = (
				"$(DERIVED_FILE_DIR)/Pods-Pozativity-checkManifestLockResult.txt",
			);
			runOnlyForDeploymentPostprocessing = 0;
			shellPath = /bin/sh;
			shellScript = "diff \"${PODS_PODFILE_DIR_PATH}/Podfile.lock\" \"${PODS_ROOT}/Manifest.lock\" > /dev/null\nif [ $? != 0 ] ; then\n    # print error to STDERR\n    echo \"error: The sandbox is not in sync with the Podfile.lock. Run 'pod install' or update your CocoaPods installation.\" >&2\n    exit 1\nfi\n# This output is used by Xcode 'outputs' to avoid re-running this script phase.\necho \"SUCCESS\" > \"${SCRIPT_OUTPUT_FILE_0}\"\n";
			showEnvVarsInLog = 0;
		};
		88A2DF32011941909B6A38D2 /* [CP] Embed Pods Frameworks */ = {
			isa = PBXShellScriptBuildPhase;
			buildActionMask = 2147483647;
			files = (
			);
			inputPaths = (
				"${SRCROOT}/Pods/Target Support Files/Pods-Pozativity/Pods-Pozativity-frameworks.sh",
				"${BUILT_PRODUCTS_DIR}/Alamofire/Alamofire.framework",
				"${BUILT_PRODUCTS_DIR}/GTMSessionFetcher/GTMSessionFetcher.framework",
				"${BUILT_PRODUCTS_DIR}/GoogleAPIClientForREST/GoogleAPIClientForREST.framework",
				"${BUILT_PRODUCTS_DIR}/GoogleToolboxForMac/GoogleToolboxForMac.framework",
				"${BUILT_PRODUCTS_DIR}/GoogleUtilities/GoogleUtilities.framework",
				"${BUILT_PRODUCTS_DIR}/NVActivityIndicatorView/NVActivityIndicatorView.framework",
				"${BUILT_PRODUCTS_DIR}/Protobuf/Protobuf.framework",
				"${BUILT_PRODUCTS_DIR}/leveldb-library/leveldb.framework",
				"${BUILT_PRODUCTS_DIR}/lottie-ios/Lottie.framework",
				"${BUILT_PRODUCTS_DIR}/nanopb/nanopb.framework",
			);
			name = "[CP] Embed Pods Frameworks";
			outputPaths = (
				"${TARGET_BUILD_DIR}/${FRAMEWORKS_FOLDER_PATH}/Alamofire.framework",
				"${TARGET_BUILD_DIR}/${FRAMEWORKS_FOLDER_PATH}/GTMSessionFetcher.framework",
				"${TARGET_BUILD_DIR}/${FRAMEWORKS_FOLDER_PATH}/GoogleAPIClientForREST.framework",
				"${TARGET_BUILD_DIR}/${FRAMEWORKS_FOLDER_PATH}/GoogleToolboxForMac.framework",
				"${TARGET_BUILD_DIR}/${FRAMEWORKS_FOLDER_PATH}/GoogleUtilities.framework",
				"${TARGET_BUILD_DIR}/${FRAMEWORKS_FOLDER_PATH}/NVActivityIndicatorView.framework",
				"${TARGET_BUILD_DIR}/${FRAMEWORKS_FOLDER_PATH}/Protobuf.framework",
				"${TARGET_BUILD_DIR}/${FRAMEWORKS_FOLDER_PATH}/leveldb.framework",
				"${TARGET_BUILD_DIR}/${FRAMEWORKS_FOLDER_PATH}/Lottie.framework",
				"${TARGET_BUILD_DIR}/${FRAMEWORKS_FOLDER_PATH}/nanopb.framework",
			);
			runOnlyForDeploymentPostprocessing = 0;
			shellPath = /bin/sh;
			shellScript = "\"${SRCROOT}/Pods/Target Support Files/Pods-Pozativity/Pods-Pozativity-frameworks.sh\"\n";
			showEnvVarsInLog = 0;
		};
/* End PBXShellScriptBuildPhase section */

/* Begin PBXSourcesBuildPhase section */
		C5475D4721567444006BA324 /* Sources */ = {
			isa = PBXSourcesBuildPhase;
			buildActionMask = 2147483647;
			files = (
				C59405042156DA2C008857E6 /* FaceifyViewController.swift in Sources */,
				C594050C215736A5008857E6 /* OldContractsTableViewCell.swift in Sources */,
				C5F50FFF2156A10E0060362F /* StorageService.swift in Sources */,
				C59405002156BE4F008857E6 /* PDFViewController.swift in Sources */,
				C5F510022156A1780060362F /* ContractTableViewCell.swift in Sources */,
				C5F50FFD215695920060362F /* UserService.swift in Sources */,
				C594050A21573554008857E6 /* HistoryViewController.swift in Sources */,
				C59404F92156ADD4008857E6 /* ContractService.swift in Sources */,
				C5475D5121567445006BA324 /* LogInViewController.swift in Sources */,
				C5475D4F21567445006BA324 /* AppDelegate.swift in Sources */,
				C59404FB2156AE80008857E6 /* Contract.swift in Sources */,
				C5F510042156A18E0060362F /* HomeViewController.swift in Sources */,
				C59405062156EA57008857E6 /* Helper.swift in Sources */,
				C59404FD2156B90E008857E6 /* DetailedContractViewController.swift in Sources */,
				C5475D6821567E43006BA324 /* User.swift in Sources */,
			);
			runOnlyForDeploymentPostprocessing = 0;
		};
/* End PBXSourcesBuildPhase section */

/* Begin PBXVariantGroup section */
		C5475D5221567445006BA324 /* Main.storyboard */ = {
			isa = PBXVariantGroup;
			children = (
				C5475D5321567445006BA324 /* Base */,
			);
			name = Main.storyboard;
			sourceTree = "<group>";
		};
		C5475D5721567445006BA324 /* LaunchScreen.storyboard */ = {
			isa = PBXVariantGroup;
			children = (
				C5475D5821567445006BA324 /* Base */,
			);
			name = LaunchScreen.storyboard;
			sourceTree = "<group>";
		};
/* End PBXVariantGroup section */

/* Begin XCBuildConfiguration section */
		C5475D5B21567445006BA324 /* Debug */ = {
			isa = XCBuildConfiguration;
			buildSettings = {
				ALWAYS_SEARCH_USER_PATHS = NO;
				CLANG_ANALYZER_NONNULL = YES;
				CLANG_ANALYZER_NUMBER_OBJECT_CONVERSION = YES_AGGRESSIVE;
				CLANG_CXX_LANGUAGE_STANDARD = "gnu++14";
				CLANG_CXX_LIBRARY = "libc++";
				CLANG_ENABLE_MODULES = YES;
				CLANG_ENABLE_OBJC_ARC = YES;
				CLANG_ENABLE_OBJC_WEAK = YES;
				CLANG_WARN_BLOCK_CAPTURE_AUTORELEASING = YES;
				CLANG_WARN_BOOL_CONVERSION = YES;
				CLANG_WARN_COMMA = YES;
				CLANG_WARN_CONSTANT_CONVERSION = YES;
				CLANG_WARN_DEPRECATED_OBJC_IMPLEMENTATIONS = YES;
				CLANG_WARN_DIRECT_OBJC_ISA_USAGE = YES_ERROR;
				CLANG_WARN_DOCUMENTATION_COMMENTS = YES;
				CLANG_WARN_EMPTY_BODY = YES;
				CLANG_WARN_ENUM_CONVERSION = YES;
				CLANG_WARN_INFINITE_RECURSION = YES;
				CLANG_WARN_INT_CONVERSION = YES;
				CLANG_WARN_NON_LITERAL_NULL_CONVERSION = YES;
				CLANG_WARN_OBJC_IMPLICIT_RETAIN_SELF = YES;
				CLANG_WARN_OBJC_LITERAL_CONVERSION = YES;
				CLANG_WARN_OBJC_ROOT_CLASS = YES_ERROR;
				CLANG_WARN_RANGE_LOOP_ANALYSIS = YES;
				CLANG_WARN_STRICT_PROTOTYPES = YES;
				CLANG_WARN_SUSPICIOUS_MOVE = YES;
				CLANG_WARN_UNGUARDED_AVAILABILITY = YES_AGGRESSIVE;
				CLANG_WARN_UNREACHABLE_CODE = YES;
				CLANG_WARN__DUPLICATE_METHOD_MATCH = YES;
				CODE_SIGN_IDENTITY = "iPhone Developer";
				COPY_PHASE_STRIP = NO;
				DEBUG_INFORMATION_FORMAT = dwarf;
				ENABLE_STRICT_OBJC_MSGSEND = YES;
				ENABLE_TESTABILITY = YES;
				GCC_C_LANGUAGE_STANDARD = gnu11;
				GCC_DYNAMIC_NO_PIC = NO;
				GCC_NO_COMMON_BLOCKS = YES;
				GCC_OPTIMIZATION_LEVEL = 0;
				GCC_PREPROCESSOR_DEFINITIONS = (
					"DEBUG=1",
					"$(inherited)",
				);
				GCC_WARN_64_TO_32_BIT_CONVERSION = YES;
				GCC_WARN_ABOUT_RETURN_TYPE = YES_ERROR;
				GCC_WARN_UNDECLARED_SELECTOR = YES;
				GCC_WARN_UNINITIALIZED_AUTOS = YES_AGGRESSIVE;
				GCC_WARN_UNUSED_FUNCTION = YES;
				GCC_WARN_UNUSED_VARIABLE = YES;
				IPHONEOS_DEPLOYMENT_TARGET = 12.0;
				MTL_ENABLE_DEBUG_INFO = INCLUDE_SOURCE;
				MTL_FAST_MATH = YES;
				ONLY_ACTIVE_ARCH = YES;
				SDKROOT = iphoneos;
				SWIFT_ACTIVE_COMPILATION_CONDITIONS = DEBUG;
				SWIFT_OPTIMIZATION_LEVEL = "-Onone";
			};
			name = Debug;
		};
		C5475D5C21567445006BA324 /* Release */ = {
			isa = XCBuildConfiguration;
			buildSettings = {
				ALWAYS_SEARCH_USER_PATHS = NO;
				CLANG_ANALYZER_NONNULL = YES;
				CLANG_ANALYZER_NUMBER_OBJECT_CONVERSION = YES_AGGRESSIVE;
				CLANG_CXX_LANGUAGE_STANDARD = "gnu++14";
				CLANG_CXX_LIBRARY = "libc++";
				CLANG_ENABLE_MODULES = YES;
				CLANG_ENABLE_OBJC_ARC = YES;
				CLANG_ENABLE_OBJC_WEAK = YES;
				CLANG_WARN_BLOCK_CAPTURE_AUTORELEASING = YES;
				CLANG_WARN_BOOL_CONVERSION = YES;
				CLANG_WARN_COMMA = YES;
				CLANG_WARN_CONSTANT_CONVERSION = YES;
				CLANG_WARN_DEPRECATED_OBJC_IMPLEMENTATIONS = YES;
				CLANG_WARN_DIRECT_OBJC_ISA_USAGE = YES_ERROR;
				CLANG_WARN_DOCUMENTATION_COMMENTS = YES;
				CLANG_WARN_EMPTY_BODY = YES;
				CLANG_WARN_ENUM_CONVERSION = YES;
				CLANG_WARN_INFINITE_RECURSION = YES;
				CLANG_WARN_INT_CONVERSION = YES;
				CLANG_WARN_NON_LITERAL_NULL_CONVERSION = YES;
				CLANG_WARN_OBJC_IMPLICIT_RETAIN_SELF = YES;
				CLANG_WARN_OBJC_LITERAL_CONVERSION = YES;
				CLANG_WARN_OBJC_ROOT_CLASS = YES_ERROR;
				CLANG_WARN_RANGE_LOOP_ANALYSIS = YES;
				CLANG_WARN_STRICT_PROTOTYPES = YES;
				CLANG_WARN_SUSPICIOUS_MOVE = YES;
				CLANG_WARN_UNGUARDED_AVAILABILITY = YES_AGGRESSIVE;
				CLANG_WARN_UNREACHABLE_CODE = YES;
				CLANG_WARN__DUPLICATE_METHOD_MATCH = YES;
				CODE_SIGN_IDENTITY = "iPhone Developer";
				COPY_PHASE_STRIP = NO;
				DEBUG_INFORMATION_FORMAT = "dwarf-with-dsym";
				ENABLE_NS_ASSERTIONS = NO;
				ENABLE_STRICT_OBJC_MSGSEND = YES;
				GCC_C_LANGUAGE_STANDARD = gnu11;
				GCC_NO_COMMON_BLOCKS = YES;
				GCC_WARN_64_TO_32_BIT_CONVERSION = YES;
				GCC_WARN_ABOUT_RETURN_TYPE = YES_ERROR;
				GCC_WARN_UNDECLARED_SELECTOR = YES;
				GCC_WARN_UNINITIALIZED_AUTOS = YES_AGGRESSIVE;
				GCC_WARN_UNUSED_FUNCTION = YES;
				GCC_WARN_UNUSED_VARIABLE = YES;
				IPHONEOS_DEPLOYMENT_TARGET = 12.0;
				MTL_ENABLE_DEBUG_INFO = NO;
				MTL_FAST_MATH = YES;
				SDKROOT = iphoneos;
				SWIFT_COMPILATION_MODE = wholemodule;
				SWIFT_OPTIMIZATION_LEVEL = "-O";
				VALIDATE_PRODUCT = YES;
			};
			name = Release;
		};
		C5475D5E21567445006BA324 /* Debug */ = {
			isa = XCBuildConfiguration;
			baseConfigurationReference = BA59F7E70B897BE01CFEAF79 /* Pods-Pozativity.debug.xcconfig */;
			buildSettings = {
				ASSETCATALOG_COMPILER_APPICON_NAME = AppIcon;
				CODE_SIGN_STYLE = Automatic;
				DEVELOPMENT_TEAM = UALV34MRH2;
				INFOPLIST_FILE = Pozativity/Info.plist;
				LD_RUNPATH_SEARCH_PATHS = (
					"$(inherited)",
					"@executable_path/Frameworks",
				);
				PRODUCT_BUNDLE_IDENTIFIER = com.codingbytes.Pozativity;
				PRODUCT_NAME = "$(TARGET_NAME)";
				SWIFT_VERSION = 4.2;
				TARGETED_DEVICE_FAMILY = "1,2";
			};
			name = Debug;
		};
		C5475D5F21567445006BA324 /* Release */ = {
			isa = XCBuildConfiguration;
			baseConfigurationReference = DCA11D6A4120DF951B29C174 /* Pods-Pozativity.release.xcconfig */;
			buildSettings = {
				ASSETCATALOG_COMPILER_APPICON_NAME = AppIcon;
				CODE_SIGN_STYLE = Automatic;
				DEVELOPMENT_TEAM = UALV34MRH2;
				INFOPLIST_FILE = Pozativity/Info.plist;
				LD_RUNPATH_SEARCH_PATHS = (
					"$(inherited)",
					"@executable_path/Frameworks",
				);
				PRODUCT_BUNDLE_IDENTIFIER = com.codingbytes.Pozativity;
				PRODUCT_NAME = "$(TARGET_NAME)";
				SWIFT_VERSION = 4.2;
				TARGETED_DEVICE_FAMILY = "1,2";
			};
			name = Release;
		};
/* End XCBuildConfiguration section */

/* Begin XCConfigurationList section */
		C5475D4621567444006BA324 /* Build configuration list for PBXProject "Pozativity" */ = {
			isa = XCConfigurationList;
			buildConfigurations = (
				C5475D5B21567445006BA324 /* Debug */,
				C5475D5C21567445006BA324 /* Release */,
			);
			defaultConfigurationIsVisible = 0;
			defaultConfigurationName = Release;
		};
		C5475D5D21567445006BA324 /* Build configuration list for PBXNativeTarget "Pozativity" */ = {
			isa = XCConfigurationList;
			buildConfigurations = (
				C5475D5E21567445006BA324 /* Debug */,
				C5475D5F21567445006BA324 /* Release */,
			);
			defaultConfigurationIsVisible = 0;
			defaultConfigurationName = Release;
		};
/* End XCConfigurationList section */
	};
	rootObject = C5475D4321567444006BA324 /* Project object */;
}
